<Solution>
  <Folder Name="/samples/">
    <Project Path="examples/Mend.Sdk.ExampleCli/Mend.Sdk.ExampleCli.csproj" />
  </Folder>
  <Folder Name="/src/">
    <Project Path="src/Mend.Sdk/Mend.Sdk.csproj" />
    <Project Path="tools/Mend.Tool/Mend.Tool.csproj" />
  </Folder>
  <Folder Name="/tests/">
    <Project Path="tests/Mend.Sdk.Tests/Mend.Sdk.Tests.csproj" />
    <Project Path="tests/Mend.Tool.Tests/Mend.Tool.Tests.csproj" />
  </Folder>
</Solution>
